
Microsoft Visual Studio Solution File, Format Version 12.00
# Visual Studio Version 17
VisualStudioVersion = 17.10.34928.147
MinimumVisualStudioVersion = 10.0.40219.1
Project("{FAE04EC0-301F-11D3-BF4B-00C04F79EFBC}") = "Jogo_de_Xadrez", "Jogo_de_Xadrez\Jogo_de_Xadrez.csproj", "{420E29F4-6EA0-4FDA-B153-D8B1ABD6ADF0}"
EndProject
Global
	GlobalSection(SolutionConfigurationPlatforms) = preSolution
		Debug|Any CPU = Debug|Any CPU
		Release|Any CPU = Release|Any CPU
	EndGlobalSection
	GlobalSection(ProjectConfigurationPlatforms) = postSolution
		{420E29F4-6EA0-4FDA-B153-D8B1ABD6ADF0}.Debug|Any CPU.ActiveCfg = Debug|Any CPU
		{420E29F4-6EA0-4FDA-B153-D8B1ABD6ADF0}.Debug|Any CPU.Build.0 = Debug|Any CPU
		{420E29F4-6EA0-4FDA-B153-D8B1ABD6ADF0}.Release|Any CPU.ActiveCfg = Release|Any CPU
		{420E29F4-6EA0-4FDA-B153-D8B1ABD6ADF0}.Release|Any CPU.Build.0 = Release|Any CPU
	EndGlobalSection
	GlobalSection(SolutionProperties) = preSolution
		HideSolutionNode = FALSE
	EndGlobalSection
	GlobalSection(ExtensibilityGlobals) = postSolution
		SolutionGuid = {56534324-9A39-488A-8F33-EEBD94B63100}
	EndGlobalSection
EndGlobal
